
Microsoft Visual Studio Solution File, Format Version 12.00
# Visual Studio Version 16
VisualStudioVersion = 16.0.31410.357
MinimumVisualStudioVersion = 10.0.40219.1
Project("{FAE04EC0-301F-11D3-BF4B-00C04F79EFBC}") = "HotelManagement.BLL", "HotelManagement.BLL\HotelManagement.BLL.csproj", "{0986DEC6-BC7C-449E-9208-DC4E5A4FFE89}"
EndProject
Project("{FAE04EC0-301F-11D3-BF4B-00C04F79EFBC}") = "HotelManagement.DAL", "HotelManagement.DAL\HotelManagement.DAL.csproj", "{02574705-17EA-4247-AC24-975E59028F2A}"
EndProject
Project("{FAE04EC0-301F-11D3-BF4B-00C04F79EFBC}") = "HotelManagement.APINoAuth", "HotelManagement.APINoAuth\HotelManagement.APINoAuth.csproj", "{D183ADD8-6377-4049-8DDE-56C2A505DDE4}"
EndProject
Project("{FAE04EC0-301F-11D3-BF4B-00C04F79EFBC}") = "HotelManagement.API", "HotelManagement.API\HotelManagement.API.csproj", "{FCEAC927-79E0-4111-9D73-397AE10283BE}"
EndProject
Project("{FAE04EC0-301F-11D3-BF4B-00C04F79EFBC}") = "HotelManagement.WEB", "HotelManagement.WEB\HotelManagement.WEB.csproj", "{212215A7-0203-4AA4-9A9F-A92F359D1411}"
EndProject
Global
	GlobalSection(SolutionConfigurationPlatforms) = preSolution
		Debug|Any CPU = Debug|Any CPU
		Release|Any CPU = Release|Any CPU
	EndGlobalSection
	GlobalSection(ProjectConfigurationPlatforms) = postSolution
		{0986DEC6-BC7C-449E-9208-DC4E5A4FFE89}.Debug|Any CPU.ActiveCfg = Debug|Any CPU
		{0986DEC6-BC7C-449E-9208-DC4E5A4FFE89}.Debug|Any CPU.Build.0 = Debug|Any CPU
		{0986DEC6-BC7C-449E-9208-DC4E5A4FFE89}.Release|Any CPU.ActiveCfg = Release|Any CPU
		{0986DEC6-BC7C-449E-9208-DC4E5A4FFE89}.Release|Any CPU.Build.0 = Release|Any CPU
		{02574705-17EA-4247-AC24-975E59028F2A}.Debug|Any CPU.ActiveCfg = Debug|Any CPU
		{02574705-17EA-4247-AC24-975E59028F2A}.Debug|Any CPU.Build.0 = Debug|Any CPU
		{02574705-17EA-4247-AC24-975E59028F2A}.Release|Any CPU.ActiveCfg = Release|Any CPU
		{02574705-17EA-4247-AC24-975E59028F2A}.Release|Any CPU.Build.0 = Release|Any CPU
		{D183ADD8-6377-4049-8DDE-56C2A505DDE4}.Debug|Any CPU.ActiveCfg = Debug|Any CPU
		{D183ADD8-6377-4049-8DDE-56C2A505DDE4}.Debug|Any CPU.Build.0 = Debug|Any CPU
		{D183ADD8-6377-4049-8DDE-56C2A505DDE4}.Release|Any CPU.ActiveCfg = Release|Any CPU
		{D183ADD8-6377-4049-8DDE-56C2A505DDE4}.Release|Any CPU.Build.0 = Release|Any CPU
		{FCEAC927-79E0-4111-9D73-397AE10283BE}.Debug|Any CPU.ActiveCfg = Debug|Any CPU
		{FCEAC927-79E0-4111-9D73-397AE10283BE}.Debug|Any CPU.Build.0 = Debug|Any CPU
		{FCEAC927-79E0-4111-9D73-397AE10283BE}.Release|Any CPU.ActiveCfg = Release|Any CPU
		{FCEAC927-79E0-4111-9D73-397AE10283BE}.Release|Any CPU.Build.0 = Release|Any CPU
		{212215A7-0203-4AA4-9A9F-A92F359D1411}.Debug|Any CPU.ActiveCfg = Debug|Any CPU
		{212215A7-0203-4AA4-9A9F-A92F359D1411}.Debug|Any CPU.Build.0 = Debug|Any CPU
		{212215A7-0203-4AA4-9A9F-A92F359D1411}.Release|Any CPU.ActiveCfg = Release|Any CPU
		{212215A7-0203-4AA4-9A9F-A92F359D1411}.Release|Any CPU.Build.0 = Release|Any CPU
	EndGlobalSection
	GlobalSection(SolutionProperties) = preSolution
		HideSolutionNode = FALSE
	EndGlobalSection
	GlobalSection(ExtensibilityGlobals) = postSolution
		SolutionGuid = {C55F6DEE-FBC5-4BF1-8520-0BB2DA73288A}
	EndGlobalSection
EndGlobal
